// !$*UTF8*$!
{
	archiveVersion = 1;
	classes = {
	};
	objectVersion = 46;
	objects = {

/* Begin PBXBuildFile section */
		F4E008AE1F7EC734007EA81A /* AppDelegate.swift in Sources */ = {isa = PBXBuildFile; fileRef = F4E008AD1F7EC734007EA81A /* AppDelegate.swift */; };
		F4E008B01F7EC734007EA81A /* ViewController.swift in Sources */ = {isa = PBXBuildFile; fileRef = F4E008AF1F7EC734007EA81A /* ViewController.swift */; };
		F4E008B31F7EC734007EA81A /* Main.storyboard in Resources */ = {isa = PBXBuildFile; fileRef = F4E008B11F7EC734007EA81A /* Main.storyboard */; };
		F4E008B61F7EC734007EA81A /* Desafio.xcdatamodeld in Sources */ = {isa = PBXBuildFile; fileRef = F4E008B41F7EC734007EA81A /* Desafio.xcdatamodeld */; };
		F4E008B81F7EC734007EA81A /* Assets.xcassets in Resources */ = {isa = PBXBuildFile; fileRef = F4E008B71F7EC734007EA81A /* Assets.xcassets */; };
		F4E008BB1F7EC734007EA81A /* LaunchScreen.storyboard in Resources */ = {isa = PBXBuildFile; fileRef = F4E008B91F7EC734007EA81A /* LaunchScreen.storyboard */; };
/* End PBXBuildFile section */

/* Begin PBXFileReference section */
		F4E008AA1F7EC734007EA81A /* Desafio.app */ = {isa = PBXFileReference; explicitFileType = wrapper.application; includeInIndex = 0; path = Desafio.app; sourceTree = BUILT_PRODUCTS_DIR; };
		F4E008AD1F7EC734007EA81A /* AppDelegate.swift */ = {isa = PBXFileReference; lastKnownFileType = sourcecode.swift; path = AppDelegate.swift; sourceTree = "<group>"; };
		F4E008AF1F7EC734007EA81A /* ViewController.swift */ = {isa = PBXFileReference; lastKnownFileType = sourcecode.swift; path = ViewController.swift; sourceTree = "<group>"; };
		F4E008B21F7EC734007EA81A /* Base */ = {isa = PBXFileReference; lastKnownFileType = file.storyboard; name = Base; path = Base.lproj/Main.storyboard; sourceTree = "<group>"; };
		F4E008B51F7EC734007EA81A /* Desafio.xcdatamodel */ = {isa = PBXFileReference; lastKnownFileType = wrapper.xcdatamodel; path = Desafio.xcdatamodel; sourceTree = "<group>"; };
		F4E008B71F7EC734007EA81A /* Assets.xcassets */ = {isa = PBXFileReference; lastKnownFileType = folder.assetcatalog; path = Assets.xcassets; sourceTree = "<group>"; };
		F4E008BA1F7EC734007EA81A /* Base */ = {isa = PBXFileReference; lastKnownFileType = file.storyboard; name = Base; path = Base.lproj/LaunchScreen.storyboard; sourceTree = "<group>"; };
		F4E008BC1F7EC734007EA81A /* Info.plist */ = {isa = PBXFileReference; lastKnownFileType = text.plist.xml; path = Info.plist; sourceTree = "<group>"; };
/* End PBXFileReference section */

/* Begin PBXFrameworksBuildPhase section */
		F4E008A71F7EC734007EA81A /* Frameworks */ = {
			isa = PBXFrameworksBuildPhase;
			buildActionMask = 2147483647;
			files = (
			);
			runOnlyForDeploymentPostprocessing = 0;
		};
/* End PBXFrameworksBuildPhase section */

/* Begin PBXGroup section */
		F4E008A11F7EC734007EA81A = {
			isa = PBXGroup;
			children = (
				F4E008AC1F7EC734007EA81A /* Desafio */,
				F4E008AB1F7EC734007EA81A /* Products */,
			);
			sourceTree = "<group>";
		};
		F4E008AB1F7EC734007EA81A /* Products */ = {
			isa = PBXGroup;
			children = (
				F4E008AA1F7EC734007EA81A /* Desafio.app */,
			);
			name = Products;
			sourceTree = "<group>";
		};
		F4E008AC1F7EC734007EA81A /* Desafio */ = {
			isa = PBXGroup;
			children = (
				F4E008AD1F7EC734007EA81A /* AppDelegate.swift */,
				F4E008AF1F7EC734007EA81A /* ViewController.swift */,
				F4E008B11F7EC734007EA81A /* Main.storyboard */,
				F4E008B71F7EC734007EA81A /* Assets.xcassets */,
				F4E008B91F7EC734007EA81A /* LaunchScreen.storyboard */,
				F4E008BC1F7EC734007EA81A /* Info.plist */,
				F4E008B41F7EC734007EA81A /* Desafio.xcdatamodeld */,
			);
			path = Desafio;
			sourceTree = "<group>";
		};
/* End PBXGroup section */

/* Begin PBXNativeTarget section */
		F4E008A91F7EC734007EA81A /* Desafio */ = {
			isa = PBXNativeTarget;
			buildConfigurationList = F4E008BF1F7EC734007EA81A /* Build configuration list for PBXNativeTarget "Desafio" */;
			buildPhases = (
				F4E008A61F7EC734007EA81A /* Sources */,
				F4E008A71F7EC734007EA81A /* Frameworks */,
				F4E008A81F7EC734007EA81A /* Resources */,
			);
			buildRules = (
			);
			dependencies = (
			);
			name = Desafio;
			productName = Desafio;
			productReference = F4E008AA1F7EC734007EA81A /* Desafio.app */;
			productType = "com.apple.product-type.application";
		};
/* End PBXNativeTarget section */

/* Begin PBXProject section */
		F4E008A21F7EC734007EA81A /* Project object */ = {
			isa = PBXProject;
			attributes = {
				LastSwiftUpdateCheck = 0800;
				LastUpgradeCheck = 0800;
				ORGANIZATIONNAME = fcrespo82;
				TargetAttributes = {
					F4E008A91F7EC734007EA81A = {
						CreatedOnToolsVersion = 8.0;
						ProvisioningStyle = Automatic;
					};
				};
			};
			buildConfigurationList = F4E008A51F7EC734007EA81A /* Build configuration list for PBXProject "Desafio" */;
			compatibilityVersion = "Xcode 3.2";
			developmentRegion = English;
			hasScannedForEncodings = 0;
			knownRegions = (
				en,
				Base,
			);
			mainGroup = F4E008A11F7EC734007EA81A;
			productRefGroup = F4E008AB1F7EC734007EA81A /* Products */;
			projectDirPath = "";
			projectRoot = "";
			targets = (
				F4E008A91F7EC734007EA81A /* Desafio */,
			);
		};
/* End PBXProject section */

/* Begin PBXResourcesBuildPhase section */
		F4E008A81F7EC734007EA81A /* Resources */ = {
			isa = PBXResourcesBuildPhase;
			buildActionMask = 2147483647;
			files = (
				F4E008BB1F7EC734007EA81A /* LaunchScreen.storyboard in Resources */,
				F4E008B81F7EC734007EA81A /* Assets.xcassets in Resources */,
				F4E008B31F7EC734007EA81A /* Main.storyboard in Resources */,
			);
			runOnlyForDeploymentPostprocessing = 0;
		};
/* End PBXResourcesBuildPhase section */

/* Begin PBXSourcesBuildPhase section */
		F4E008A61F7EC734007EA81A /* Sources */ = {
			isa = PBXSourcesBuildPhase;
			buildActionMask = 2147483647;
			files = (
				F4E008B61F7EC734007EA81A /* Desafio.xcdatamodeld in Sources */,
				F4E008B01F7EC734007EA81A /* ViewController.swift in Sources */,
				F4E008AE1F7EC734007EA81A /* AppDelegate.swift in Sources */,
			);
			runOnlyForDeploymentPostprocessing = 0;
		};
/* End PBXSourcesBuildPhase section */

/* Begin PBXVariantGroup section */
		F4E008B11F7EC734007EA81A /* Main.storyboard */ = {
			isa = PBXVariantGroup;
			children = (
				F4E008B21F7EC734007EA81A /* Base */,
			);
			name = Main.storyboard;
			sourceTree = "<group>";
		};
		F4E008B91F7EC734007EA81A /* LaunchScreen.storyboard */ = {
			isa = PBXVariantGroup;
			children = (
				F4E008BA1F7EC734007EA81A /* Base */,
			);
			name = LaunchScreen.storyboard;
			sourceTree = "<group>";
		};
/* End PBXVariantGroup section */

/* Begin XCBuildConfiguration section */
		F4E008BD1F7EC734007EA81A /* Debug */ = {
			isa = XCBuildConfiguration;
			buildSettings = {
				ALWAYS_SEARCH_USER_PATHS = NO;
				CLANG_ANALYZER_NONNULL = YES;
				CLANG_CXX_LANGUAGE_STANDARD = "gnu++0x";
				CLANG_CXX_LIBRARY = "libc++";
				CLANG_ENABLE_MODULES = YES;
				CLANG_ENABLE_OBJC_ARC = YES;
				CLANG_WARN_BOOL_CONVERSION = YES;
				CLANG_WARN_CONSTANT_CONVERSION = YES;
				CLANG_WARN_DIRECT_OBJC_ISA_USAGE = YES_ERROR;
				CLANG_WARN_DOCUMENTATION_COMMENTS = YES;
				CLANG_WARN_EMPTY_BODY = YES;
				CLANG_WARN_ENUM_CONVERSION = YES;
				CLANG_WARN_INFINITE_RECURSION = YES;
				CLANG_WARN_INT_CONVERSION = YES;
				CLANG_WARN_OBJC_ROOT_CLASS = YES_ERROR;
				CLANG_WARN_SUSPICIOUS_MOVES = YES;
				CLANG_WARN_UNREACHABLE_CODE = YES;
				CLANG_WARN__DUPLICATE_METHOD_MATCH = YES;
				"CODE_SIGN_IDENTITY[sdk=iphoneos*]" = "iPhone Developer";
				COPY_PHASE_STRIP = NO;
				DEBUG_INFORMATION_FORMAT = dwarf;
				ENABLE_STRICT_OBJC_MSGSEND = YES;
				ENABLE_TESTABILITY = YES;
				GCC_C_LANGUAGE_STANDARD = gnu99;
				GCC_DYNAMIC_NO_PIC = NO;
				GCC_NO_COMMON_BLOCKS = YES;
				GCC_OPTIMIZATION_LEVEL = 0;
				GCC_PREPROCESSOR_DEFINITIONS = (
					"DEBUG=1",
					"$(inherited)",
				);
				GCC_WARN_64_TO_32_BIT_CONVERSION = YES;
				GCC_WARN_ABOUT_RETURN_TYPE = YES_ERROR;
				GCC_WARN_UNDECLARED_SELECTOR = YES;
				GCC_WARN_UNINITIALIZED_AUTOS = YES_AGGRESSIVE;
				GCC_WARN_UNUSED_FUNCTION = YES;
				GCC_WARN_UNUSED_VARIABLE = YES;
				IPHONEOS_DEPLOYMENT_TARGET = 10.0;
				MTL_ENABLE_DEBUG_INFO = YES;
				ONLY_ACTIVE_ARCH = YES;
				SDKROOT = iphoneos;
				SWIFT_ACTIVE_COMPILATION_CONDITIONS = DEBUG;
				SWIFT_OPTIMIZATION_LEVEL = "-Onone";
				TARGETED_DEVICE_FAMILY = "1,2";
			};
			name = Debug;
		};
		F4E008BE1F7EC734007EA81A /* Release */ = {
			isa = XCBuildConfiguration;
			buildSettings = {
				ALWAYS_SEARCH_USER_PATHS = NO;
				CLANG_ANALYZER_NONNULL = YES;
				CLANG_CXX_LANGUAGE_STANDARD = "gnu++0x";
				CLANG_CXX_LIBRARY = "libc++";
				CLANG_ENABLE_MODULES = YES;
				CLANG_ENABLE_OBJC_ARC = YES;
				CLANG_WARN_BOOL_CONVERSION = YES;
				CLANG_WARN_CONSTANT_CONVERSION = YES;
				CLANG_WARN_DIRECT_OBJC_ISA_USAGE = YES_ERROR;
				CLANG_WARN_DOCUMENTATION_COMMENTS = YES;
				CLANG_WARN_EMPTY_BODY = YES;
				CLANG_WARN_ENUM_CONVERSION = YES;
				CLANG_WARN_INFINITE_RECURSION = YES;
				CLANG_WARN_INT_CONVERSION = YES;
				CLANG_WARN_OBJC_ROOT_CLASS = YES_ERROR;
				CLANG_WARN_SUSPICIOUS_MOVES = YES;
				CLANG_WARN_UNREACHABLE_CODE = YES;
				CLANG_WARN__DUPLICATE_METHOD_MATCH = YES;
				"CODE_SIGN_IDENTITY[sdk=iphoneos*]" = "iPhone Developer";
				COPY_PHASE_STRIP = NO;
				DEBUG_INFORMATION_FORMAT = "dwarf-with-dsym";
				ENABLE_NS_ASSERTIONS = NO;
				ENABLE_STRICT_OBJC_MSGSEND = YES;
				GCC_C_LANGUAGE_STANDARD = gnu99;
				GCC_NO_COMMON_BLOCKS = YES;
				GCC_WARN_64_TO_32_BIT_CONVERSION = YES;
				GCC_WARN_ABOUT_RETURN_TYPE = YES_ERROR;
				GCC_WARN_UNDECLARED_SELECTOR = YES;
				GCC_WARN_UNINITIALIZED_AUTOS = YES_AGGRESSIVE;
				GCC_WARN_UNUSED_FUNCTION = YES;
				GCC_WARN_UNUSED_VARIABLE = YES;
				IPHONEOS_DEPLOYMENT_TARGET = 10.0;
				MTL_ENABLE_DEBUG_INFO = NO;
				SDKROOT = iphoneos;
				SWIFT_OPTIMIZATION_LEVEL = "-Owholemodule";
				TARGETED_DEVICE_FAMILY = "1,2";
				VALIDATE_PRODUCT = YES;
			};
			name = Release;
		};
		F4E008C01F7EC734007EA81A /* Debug */ = {
			isa = XCBuildConfiguration;
			buildSettings = {
				ASSETCATALOG_COMPILER_APPICON_NAME = AppIcon;
				INFOPLIST_FILE = Desafio/Info.plist;
				LD_RUNPATH_SEARCH_PATHS = "$(inherited) @executable_path/Frameworks";
				PRODUCT_BUNDLE_IDENTIFIER = io.fcrespo82.Desafio;
				PRODUCT_NAME = "$(TARGET_NAME)";
				SWIFT_VERSION = 3.0;
			};
			name = Debug;
		};
		F4E008C11F7EC734007EA81A /* Release */ = {
			isa = XCBuildConfiguration;
			buildSettings = {
				ASSETCATALOG_COMPILER_APPICON_NAME = AppIcon;
				INFOPLIST_FILE = Desafio/Info.plist;
				LD_RUNPATH_SEARCH_PATHS = "$(inherited) @executable_path/Frameworks";
				PRODUCT_BUNDLE_IDENTIFIER = io.fcrespo82.Desafio;
				PRODUCT_NAME = "$(TARGET_NAME)";
				SWIFT_VERSION = 3.0;
			};
			name = Release;
		};
/* End XCBuildConfiguration section */

/* Begin XCConfigurationList section */
		F4E008A51F7EC734007EA81A /* Build configuration list for PBXProject "Desafio" */ = {
			isa = XCConfigurationList;
			buildConfigurations = (
				F4E008BD1F7EC734007EA81A /* Debug */,
				F4E008BE1F7EC734007EA81A /* Release */,
			);
			defaultConfigurationIsVisible = 0;
			defaultConfigurationName = Release;
		};
		F4E008BF1F7EC734007EA81A /* Build configuration list for PBXNativeTarget "Desafio" */ = {
			isa = XCConfigurationList;
			buildConfigurations = (
				F4E008C01F7EC734007EA81A /* Debug */,
				F4E008C11F7EC734007EA81A /* Release */,
			);
			defaultConfigurationIsVisible = 0;
		};
/* End XCConfigurationList section */

/* Begin XCVersionGroup section */
		F4E008B41F7EC734007EA81A /* Desafio.xcdatamodeld */ = {
			isa = XCVersionGroup;
			children = (
				F4E008B51F7EC734007EA81A /* Desafio.xcdatamodel */,
			);
			currentVersion = F4E008B51F7EC734007EA81A /* Desafio.xcdatamodel */;
			path = Desafio.xcdatamodeld;
			sourceTree = "<group>";
			versionGroupType = wrapper.xcdatamodel;
		};
/* End XCVersionGroup section */
	};
	rootObject = F4E008A21F7EC734007EA81A /* Project object */;
}
